{
  "name": "lib-ThemisUI",
  "version": "7.1.0",
  "dependencies": {
    "abbrev": {
      "version": "1.0.9",
      "from": "abbrev@>=1.0.0 <1.1.0",
      "resolved": "https://registry.npmjs.org/abbrev/-/abbrev-1.0.9.tgz"
    },
    "align-text": {
      "version": "0.1.4",
      "from": "align-text@>=0.1.3 <0.2.0",
      "resolved": "https://registry.npmjs.org/align-text/-/align-text-0.1.4.tgz"
    },
    "amdefine": {
      "version": "1.0.1",
      "from": "amdefine@>=0.0.4",
      "resolved": "https://registry.npmjs.org/amdefine/-/amdefine-1.0.1.tgz"
    },
    "angular": {
      "version": "1.5.9",
      "from": "angular@1.5.9",
      "resolved": "https://registry.npmjs.org/angular/-/angular-1.5.9.tgz"
    },
    "angular-animate": {
      "version": "1.5.9",
      "from": "angular-animate@1.5.9",
      "resolved": "https://registry.npmjs.org/angular-animate/-/angular-animate-1.5.9.tgz"
    },
    "angular-aria": {
      "version": "1.5.9",
      "from": "angular-aria@1.5.9",
      "resolved": "https://registry.npmjs.org/angular-aria/-/angular-aria-1.5.9.tgz"
    },
    "angular-datepicker": {
      "version": "2.2.1",
      "from": "git://github.com/mbuckley/angular-datepicker.git#v2.2.1",
      "resolved": "git://github.com/mbuckley/angular-datepicker.git#df580165b669216538305a8f7940360f87edca17"
    },
    "angular-messages": {
      "version": "1.5.9",
      "from": "angular-messages@1.5.9",
      "resolved": "https://registry.npmjs.org/angular-messages/-/angular-messages-1.5.9.tgz"
    },
    "angular-sanitize": {
      "version": "1.5.9",
      "from": "angular-sanitize@1.5.9",
      "resolved": "https://registry.npmjs.org/angular-sanitize/-/angular-sanitize-1.5.9.tgz"
    },
    "ansi-regex": {
      "version": "2.1.1",
      "from": "ansi-regex@>=2.0.0 <3.0.0",
      "resolved": "https://registry.npmjs.org/ansi-regex/-/ansi-regex-2.1.1.tgz"
    },
    "ansi-styles": {
      "version": "2.2.1",
      "from": "ansi-styles@>=2.2.1 <3.0.0",
      "resolved": "https://registry.npmjs.org/ansi-styles/-/ansi-styles-2.2.1.tgz"
    },
    "argparse": {
      "version": "1.0.9",
      "from": "argparse@>=1.0.7 <2.0.0",
      "resolved": "https://registry.npmjs.org/argparse/-/argparse-1.0.9.tgz"
    },
    "async": {
      "version": "1.5.2",
      "from": "async@>=1.0.0 <2.0.0",
      "resolved": "https://registry.npmjs.org/async/-/async-1.5.2.tgz"
    },
    "autoprefixer": {
      "version": "6.5.3",
      "from": "autoprefixer@6.5.3",
      "resolved": "https://registry.npmjs.org/autoprefixer/-/autoprefixer-6.5.3.tgz"
    },
    "balanced-match": {
      "version": "0.4.2",
      "from": "balanced-match@>=0.4.1 <0.5.0",
      "resolved": "https://registry.npmjs.org/balanced-match/-/balanced-match-0.4.2.tgz"
    },
    "brace-expansion": {
      "version": "1.1.6",
      "from": "brace-expansion@>=1.0.0 <2.0.0",
      "resolved": "https://registry.npmjs.org/brace-expansion/-/brace-expansion-1.1.6.tgz"
    },
    "browserslist": {
      "version": "1.4.0",
      "from": "browserslist@>=1.4.0 <1.5.0",
      "resolved": "https://registry.npmjs.org/browserslist/-/browserslist-1.4.0.tgz"
    },
    "camelcase": {
      "version": "1.2.1",
      "from": "camelcase@>=1.0.2 <2.0.0",
      "resolved": "https://registry.npmjs.org/camelcase/-/camelcase-1.2.1.tgz"
    },
    "caniuse-db": {
      "version": "1.0.30000623",
      "from": "caniuse-db@>=1.0.30000578 <2.0.0",
      "resolved": "https://registry.npmjs.org/caniuse-db/-/caniuse-db-1.0.30000623.tgz"
    },
    "center-align": {
      "version": "0.1.3",
      "from": "center-align@>=0.1.1 <0.2.0",
      "resolved": "https://registry.npmjs.org/center-align/-/center-align-0.1.3.tgz"
    },
    "chalk": {
      "version": "1.1.3",
      "from": "chalk@>=1.1.3 <2.0.0",
      "resolved": "https://registry.npmjs.org/chalk/-/chalk-1.1.3.tgz",
      "dependencies": {
        "supports-color": {
          "version": "2.0.0",
          "from": "supports-color@>=2.0.0 <3.0.0",
          "resolved": "https://registry.npmjs.org/supports-color/-/supports-color-2.0.0.tgz"
        }
      }
    },
    "cliui": {
      "version": "2.1.0",
      "from": "cliui@>=2.1.0 <3.0.0",
      "resolved": "https://registry.npmjs.org/cliui/-/cliui-2.1.0.tgz",
      "dependencies": {
        "wordwrap": {
          "version": "0.0.2",
          "from": "wordwrap@0.0.2",
          "resolved": "https://registry.npmjs.org/wordwrap/-/wordwrap-0.0.2.tgz"
        }
      }
    },
    "clone": {
      "version": "0.2.0",
      "from": "clone@>=0.2.0 <0.3.0",
      "resolved": "https://registry.npmjs.org/clone/-/clone-0.2.0.tgz"
    },
    "clone-stats": {
      "version": "0.0.1",
      "from": "clone-stats@>=0.0.1 <0.0.2",
      "resolved": "https://registry.npmjs.org/clone-stats/-/clone-stats-0.0.1.tgz"
    },
    "concat-map": {
      "version": "0.0.1",
      "from": "concat-map@0.0.1",
      "resolved": "https://registry.npmjs.org/concat-map/-/concat-map-0.0.1.tgz"
    },
    "core-util-is": {
      "version": "1.0.2",
      "from": "core-util-is@>=1.0.0 <1.1.0",
      "resolved": "https://registry.npmjs.org/core-util-is/-/core-util-is-1.0.2.tgz"
    },
    "date-now": {
      "version": "1.0.1",
      "from": "date-now@1.0.1",
      "resolved": "https://registry.npmjs.org/date-now/-/date-now-1.0.1.tgz"
    },
    "debounce": {
      "version": "1.0.0",
      "from": "debounce@>=1.0.0 <2.0.0",
      "resolved": "https://registry.npmjs.org/debounce/-/debounce-1.0.0.tgz"
    },
    "decamelize": {
      "version": "1.2.0",
      "from": "decamelize@>=1.0.0 <2.0.0",
      "resolved": "https://registry.npmjs.org/decamelize/-/decamelize-1.2.0.tgz"
    },
    "deep-is": {
      "version": "0.1.3",
      "from": "deep-is@>=0.1.3 <0.2.0",
      "resolved": "https://registry.npmjs.org/deep-is/-/deep-is-0.1.3.tgz"
    },
    "es6-promise": {
      "version": "3.0.2",
      "from": "es6-promise@>=3.0.2 <3.1.0",
      "resolved": "https://registry.npmjs.org/es6-promise/-/es6-promise-3.0.2.tgz"
    },
    "escape-string-regexp": {
      "version": "1.0.5",
      "from": "escape-string-regexp@>=1.0.2 <2.0.0",
      "resolved": "https://registry.npmjs.org/escape-string-regexp/-/escape-string-regexp-1.0.5.tgz"
    },
    "escodegen": {
      "version": "1.8.1",
      "from": "escodegen@>=1.8.0 <1.9.0",
      "resolved": "https://registry.npmjs.org/escodegen/-/escodegen-1.8.1.tgz",
      "dependencies": {
        "source-map": {
          "version": "0.2.0",
          "from": "source-map@>=0.2.0 <0.3.0",
          "resolved": "https://registry.npmjs.org/source-map/-/source-map-0.2.0.tgz",
          "optional": true
        }
      }
    },
    "esprima": {
      "version": "2.7.3",
      "from": "esprima@>=2.7.0 <2.8.0",
      "resolved": "https://registry.npmjs.org/esprima/-/esprima-2.7.3.tgz"
    },
    "estraverse": {
      "version": "1.9.3",
      "from": "estraverse@>=1.9.1 <2.0.0",
      "resolved": "https://registry.npmjs.org/estraverse/-/estraverse-1.9.3.tgz"
    },
    "esutils": {
      "version": "2.0.2",
      "from": "esutils@>=2.0.2 <3.0.0",
      "resolved": "https://registry.npmjs.org/esutils/-/esutils-2.0.2.tgz"
    },
    "fast-levenshtein": {
      "version": "2.0.6",
      "from": "fast-levenshtein@>=2.0.4 <2.1.0",
      "resolved": "https://registry.npmjs.org/fast-levenshtein/-/fast-levenshtein-2.0.6.tgz"
    },
    "glob": {
      "version": "6.0.4",
      "from": "glob@6.0.4",
      "resolved": "https://registry.npmjs.org/glob/-/glob-6.0.4.tgz"
    },
    "handlebars": {
      "version": "4.0.6",
      "from": "handlebars@>=4.0.1 <5.0.0",
      "resolved": "https://registry.npmjs.org/handlebars/-/handlebars-4.0.6.tgz",
      "dependencies": {
        "source-map": {
          "version": "0.4.4",
          "from": "source-map@>=0.4.4 <0.5.0",
          "resolved": "https://registry.npmjs.org/source-map/-/source-map-0.4.4.tgz"
        }
      }
    },
    "has-ansi": {
      "version": "2.0.0",
      "from": "has-ansi@>=2.0.0 <3.0.0",
      "resolved": "https://registry.npmjs.org/has-ansi/-/has-ansi-2.0.0.tgz"
    },
    "has-flag": {
      "version": "1.0.0",
      "from": "has-flag@>=1.0.0 <2.0.0",
      "resolved": "https://registry.npmjs.org/has-flag/-/has-flag-1.0.0.tgz"
    },
    "inflight": {
      "version": "1.0.6",
      "from": "inflight@>=1.0.4 <2.0.0",
      "resolved": "https://registry.npmjs.org/inflight/-/inflight-1.0.6.tgz"
    },
    "inherits": {
      "version": "2.0.3",
      "from": "inherits@>=2.0.0 <3.0.0",
      "resolved": "https://registry.npmjs.org/inherits/-/inherits-2.0.3.tgz"
    },
    "is-buffer": {
      "version": "1.1.4",
      "from": "is-buffer@>=1.0.2 <2.0.0",
      "resolved": "https://registry.npmjs.org/is-buffer/-/is-buffer-1.1.4.tgz"
    },
    "isarray": {
      "version": "0.0.1",
      "from": "isarray@0.0.1",
      "resolved": "https://registry.npmjs.org/isarray/-/isarray-0.0.1.tgz"
    },
    "isexe": {
      "version": "1.1.2",
      "from": "isexe@>=1.1.1 <2.0.0",
      "resolved": "https://registry.npmjs.org/isexe/-/isexe-1.1.2.tgz"
    },
    "istanbul": {
      "version": "0.4.5",
      "from": "istanbul@0.4.5",
      "resolved": "https://registry.npmjs.org/istanbul/-/istanbul-0.4.5.tgz",
      "dependencies": {
        "glob": {
          "version": "5.0.15",
          "from": "glob@>=5.0.15 <6.0.0",
          "resolved": "https://registry.npmjs.org/glob/-/glob-5.0.15.tgz"
        }
      }
    },
    "jquery": {
      "version": "1.12.2",
      "from": "jquery@1.12.2",
      "resolved": "https://registry.npmjs.org/jquery/-/jquery-1.12.2.tgz"
    },
    "js-base64": {
      "version": "2.1.9",
      "from": "js-base64@>=2.1.9 <3.0.0",
      "resolved": "https://registry.npmjs.org/js-base64/-/js-base64-2.1.9.tgz"
    },
    "js-yaml": {
      "version": "3.8.1",
      "from": "js-yaml@>=3.0.0 <4.0.0",
      "resolved": "https://registry.npmjs.org/js-yaml/-/js-yaml-3.8.1.tgz",
      "dependencies": {
        "esprima": {
          "version": "3.1.3",
          "from": "esprima@>=3.1.1 <4.0.0",
          "resolved": "https://registry.npmjs.org/esprima/-/esprima-3.1.3.tgz"
        }
      }
    },
    "keycode": {
      "version": "2.1.8",
      "from": "keycode@2.1.8",
      "resolved": "https://registry.npmjs.org/keycode/-/keycode-2.1.8.tgz"
    },
    "kind-of": {
      "version": "3.1.0",
      "from": "kind-of@>=3.0.2 <4.0.0",
      "resolved": "https://registry.npmjs.org/kind-of/-/kind-of-3.1.0.tgz"
    },
    "lazy-cache": {
      "version": "1.0.4",
      "from": "lazy-cache@>=1.0.3 <2.0.0",
      "resolved": "https://registry.npmjs.org/lazy-cache/-/lazy-cache-1.0.4.tgz"
    },
    "levn": {
      "version": "0.3.0",
      "from": "levn@>=0.3.0 <0.4.0",
      "resolved": "https://registry.npmjs.org/levn/-/levn-0.3.0.tgz"
    },
    "longest": {
      "version": "1.0.1",
      "from": "longest@>=1.0.1 <2.0.0",
      "resolved": "https://registry.npmjs.org/longest/-/longest-1.0.1.tgz"
    },
    "marked": {
      "version": "0.3.6",
      "from": "marked@0.3.6",
      "resolved": "https://registry.npmjs.org/marked/-/marked-0.3.6.tgz"
    },
    "minimatch": {
      "version": "3.0.3",
      "from": "minimatch@>=2.0.0 <3.0.0||>=3.0.0 <4.0.0",
      "resolved": "https://registry.npmjs.org/minimatch/-/minimatch-3.0.3.tgz"
    },
    "minimist": {
      "version": "0.0.10",
      "from": "minimist@>=0.0.1 <0.1.0",
      "resolved": "https://registry.npmjs.org/minimist/-/minimist-0.0.10.tgz"
    },
    "mkdirp": {
      "version": "0.5.1",
      "from": "mkdirp@>=0.5.0 <0.6.0",
      "resolved": "https://registry.npmjs.org/mkdirp/-/mkdirp-0.5.1.tgz",
      "dependencies": {
        "minimist": {
          "version": "0.0.8",
          "from": "minimist@0.0.8",
          "resolved": "https://registry.npmjs.org/minimist/-/minimist-0.0.8.tgz"
        }
      }
    },
    "moment": {
      "version": "2.17.1",
      "from": "moment@2.17.1",
      "resolved": "https://registry.npmjs.org/moment/-/moment-2.17.1.tgz"
    },
    "nopt": {
      "version": "3.0.6",
      "from": "nopt@>=3.0.0 <4.0.0",
      "resolved": "https://registry.npmjs.org/nopt/-/nopt-3.0.6.tgz"
    },
    "normalize-range": {
      "version": "0.1.2",
      "from": "normalize-range@>=0.1.2 <0.2.0",
      "resolved": "https://registry.npmjs.org/normalize-range/-/normalize-range-0.1.2.tgz"
    },
    "num2fraction": {
      "version": "1.2.2",
      "from": "num2fraction@>=1.2.2 <2.0.0",
      "resolved": "https://registry.npmjs.org/num2fraction/-/num2fraction-1.2.2.tgz"
    },
    "once": {
      "version": "1.4.0",
      "from": "once@>=1.3.0 <2.0.0",
      "resolved": "https://registry.npmjs.org/once/-/once-1.4.0.tgz"
    },
    "optimist": {
      "version": "0.6.1",
      "from": "optimist@>=0.6.1 <0.7.0",
      "resolved": "https://registry.npmjs.org/optimist/-/optimist-0.6.1.tgz",
      "dependencies": {
        "wordwrap": {
          "version": "0.0.3",
          "from": "wordwrap@>=0.0.2 <0.1.0",
          "resolved": "https://registry.npmjs.org/wordwrap/-/wordwrap-0.0.3.tgz"
        }
      }
    },
    "optionator": {
      "version": "0.8.2",
      "from": "optionator@>=0.8.1 <0.9.0",
      "resolved": "https://registry.npmjs.org/optionator/-/optionator-0.8.2.tgz"
    },
    "path-is-absolute": {
      "version": "1.0.1",
      "from": "path-is-absolute@>=1.0.0 <2.0.0",
      "resolved": "https://registry.npmjs.org/path-is-absolute/-/path-is-absolute-1.0.1.tgz"
    },
    "pluralize": {
      "version": "3.1.0",
      "from": "pluralize@3.1.0",
      "resolved": "https://registry.npmjs.org/pluralize/-/pluralize-3.1.0.tgz"
    },
    "postcss": {
      "version": "5.2.13",
      "from": "postcss@>=5.2.5 <6.0.0",
      "resolved": "https://registry.npmjs.org/postcss/-/postcss-5.2.13.tgz"
    },
    "postcss-value-parser": {
      "version": "3.3.0",
      "from": "postcss-value-parser@>=3.2.3 <4.0.0",
      "resolved": "https://registry.npmjs.org/postcss-value-parser/-/postcss-value-parser-3.3.0.tgz"
    },
    "prelude-ls": {
      "version": "1.1.2",
      "from": "prelude-ls@>=1.1.2 <1.2.0",
      "resolved": "https://registry.npmjs.org/prelude-ls/-/prelude-ls-1.1.2.tgz"
    },
    "qs": {
      "version": "6.3.0",
      "from": "qs@6.3.0",
      "resolved": "https://registry.npmjs.org/qs/-/qs-6.3.0.tgz"
    },
    "readable-stream": {
      "version": "1.0.34",
      "from": "readable-stream@>=1.0.33-1 <1.1.0-0",
      "resolved": "https://registry.npmjs.org/readable-stream/-/readable-stream-1.0.34.tgz"
    },
    "repeat-string": {
      "version": "1.6.1",
      "from": "repeat-string@>=1.5.2 <2.0.0",
      "resolved": "https://registry.npmjs.org/repeat-string/-/repeat-string-1.6.1.tgz"
    },
    "resolve": {
      "version": "1.1.7",
      "from": "resolve@>=1.1.0 <1.2.0",
      "resolved": "https://registry.npmjs.org/resolve/-/resolve-1.1.7.tgz"
    },
    "right-align": {
      "version": "0.1.3",
      "from": "right-align@>=0.1.1 <0.2.0",
      "resolved": "https://registry.npmjs.org/right-align/-/right-align-0.1.3.tgz"
    },
    "source-map": {
      "version": "0.5.6",
      "from": "source-map@>=0.5.6 <0.6.0",
      "resolved": "https://registry.npmjs.org/source-map/-/source-map-0.5.6.tgz"
    },
    "sprintf-js": {
      "version": "1.0.3",
      "from": "sprintf-js@>=1.0.2 <1.1.0",
      "resolved": "https://registry.npmjs.org/sprintf-js/-/sprintf-js-1.0.3.tgz"
    },
    "string_decoder": {
      "version": "0.10.31",
      "from": "string_decoder@>=0.10.0 <0.11.0",
      "resolved": "https://registry.npmjs.org/string_decoder/-/string_decoder-0.10.31.tgz"
    },
    "strip-ansi": {
      "version": "3.0.1",
      "from": "strip-ansi@>=3.0.0 <4.0.0",
      "resolved": "https://registry.npmjs.org/strip-ansi/-/strip-ansi-3.0.1.tgz"
    },
    "supports-color": {
      "version": "3.2.3",
      "from": "supports-color@>=3.2.3 <4.0.0",
      "resolved": "https://registry.npmjs.org/supports-color/-/supports-color-3.2.3.tgz"
    },
    "through2": {
      "version": "0.6.5",
      "from": "through2@>=0.6.1 <0.7.0",
      "resolved": "https://registry.npmjs.org/through2/-/through2-0.6.5.tgz"
    },
    "type-check": {
      "version": "0.3.2",
      "from": "type-check@>=0.3.2 <0.4.0",
      "resolved": "https://registry.npmjs.org/type-check/-/type-check-0.3.2.tgz"
    },
    "uglify-js": {
      "version": "2.7.5",
      "from": "uglify-js@>=2.6.0 <3.0.0",
      "resolved": "https://registry.npmjs.org/uglify-js/-/uglify-js-2.7.5.tgz",
      "dependencies": {
        "async": {
          "version": "0.2.10",
          "from": "async@>=0.2.6 <0.3.0",
          "resolved": "https://registry.npmjs.org/async/-/async-0.2.10.tgz"
        }
      }
    },
    "uglify-to-browserify": {
      "version": "1.0.2",
      "from": "uglify-to-browserify@>=1.0.0 <1.1.0",
      "resolved": "https://registry.npmjs.org/uglify-to-browserify/-/uglify-to-browserify-1.0.2.tgz"
    },
    "ui-select": {
      "version": "0.18.1",
      "from": "ui-select@0.18.1",
      "resolved": "https://registry.npmjs.org/ui-select/-/ui-select-0.18.1.tgz"
    },
    "uuid": {
      "version": "2.0.3",
      "from": "uuid@2.0.3",
      "resolved": "https://registry.npmjs.org/uuid/-/uuid-2.0.3.tgz"
    },
    "vinyl": {
      "version": "0.4.6",
      "from": "vinyl@>=0.4.3 <0.5.0",
      "resolved": "https://registry.npmjs.org/vinyl/-/vinyl-0.4.6.tgz"
    },
    "vinyl-source-stream": {
      "version": "1.1.0",
      "from": "vinyl-source-stream@1.1.0",
      "resolved": "https://registry.npmjs.org/vinyl-source-stream/-/vinyl-source-stream-1.1.0.tgz"
    },
    "which": {
      "version": "1.2.12",
      "from": "which@>=1.1.1 <2.0.0",
      "resolved": "https://registry.npmjs.org/which/-/which-1.2.12.tgz"
    },
    "window-size": {
      "version": "0.1.0",
      "from": "window-size@0.1.0",
      "resolved": "https://registry.npmjs.org/window-size/-/window-size-0.1.0.tgz"
    },
    "wordwrap": {
      "version": "1.0.0",
      "from": "wordwrap@>=1.0.0 <2.0.0",
      "resolved": "https://registry.npmjs.org/wordwrap/-/wordwrap-1.0.0.tgz"
    },
    "wrappy": {
      "version": "1.0.2",
      "from": "wrappy@>=1.0.0 <2.0.0",
      "resolved": "https://registry.npmjs.org/wrappy/-/wrappy-1.0.2.tgz"
    },
    "xtend": {
      "version": "4.0.1",
      "from": "xtend@>=4.0.0 <4.1.0-0",
      "resolved": "https://registry.npmjs.org/xtend/-/xtend-4.0.1.tgz"
    },
    "yargs": {
      "version": "3.10.0",
      "from": "yargs@>=3.10.0 <3.11.0",
      "resolved": "https://registry.npmjs.org/yargs/-/yargs-3.10.0.tgz"
    }
  }
}
